// !$*UTF8*$!
{
	archiveVersion = 1;
	classes = {
	};
	objectVersion = 46;
	objects = {

/* Begin PBXBuildFile section */
		9EFFF0041AC218D800B61495 /* Breakfast.h in Headers */ = {isa = PBXBuildFile; fileRef = 9EFFF0031AC218D800B61495 /* Breakfast.h */; settings = {ATTRIBUTES = (Public, ); }; };
		9EFFF00A1AC218D800B61495 /* Breakfast.framework in Frameworks */ = {isa = PBXBuildFile; fileRef = 9EFFEFFE1AC218D800B61495 /* Breakfast.framework */; };
		9EFFF0111AC218D800B61495 /* BreakfastTests.swift in Sources */ = {isa = PBXBuildFile; fileRef = 9EFFF0101AC218D800B61495 /* BreakfastTests.swift */; };
		9EFFF01C1AC2190C00B61495 /* Stack.swift in Sources */ = {isa = PBXBuildFile; fileRef = 9EFFF01B1AC2190C00B61495 /* Stack.swift */; };
		9EFFF0241AC21D2C00B61495 /* UIColor+Extensions.swift in Sources */ = {isa = PBXBuildFile; fileRef = 9EFFF0231AC21D2C00B61495 /* UIColor+Extensions.swift */; };
		9EFFF0281AC21D9800B61495 /* String+Subscript.swift in Sources */ = {isa = PBXBuildFile; fileRef = 9EFFF0261AC21D9800B61495 /* String+Subscript.swift */; };
		9EFFF0291AC21D9800B61495 /* String+ToHex.swift in Sources */ = {isa = PBXBuildFile; fileRef = 9EFFF0271AC21D9800B61495 /* String+ToHex.swift */; };
/* End PBXBuildFile section */

/* Begin PBXContainerItemProxy section */
		9EFFF00B1AC218D800B61495 /* PBXContainerItemProxy */ = {
			isa = PBXContainerItemProxy;
			containerPortal = 9EFFEFF51AC218D800B61495 /* Project object */;
			proxyType = 1;
			remoteGlobalIDString = 9EFFEFFD1AC218D800B61495;
			remoteInfo = Breakfast;
		};
/* End PBXContainerItemProxy section */

/* Begin PBXFileReference section */
		9EFFEFFE1AC218D800B61495 /* Breakfast.framework */ = {isa = PBXFileReference; explicitFileType = wrapper.framework; includeInIndex = 0; path = Breakfast.framework; sourceTree = BUILT_PRODUCTS_DIR; };
		9EFFF0021AC218D800B61495 /* Info.plist */ = {isa = PBXFileReference; lastKnownFileType = text.plist.xml; path = Info.plist; sourceTree = "<group>"; };
		9EFFF0031AC218D800B61495 /* Breakfast.h */ = {isa = PBXFileReference; lastKnownFileType = sourcecode.c.h; path = Breakfast.h; sourceTree = "<group>"; };
		9EFFF0091AC218D800B61495 /* BreakfastTests.xctest */ = {isa = PBXFileReference; explicitFileType = wrapper.cfbundle; includeInIndex = 0; path = BreakfastTests.xctest; sourceTree = BUILT_PRODUCTS_DIR; };
		9EFFF00F1AC218D800B61495 /* Info.plist */ = {isa = PBXFileReference; lastKnownFileType = text.plist.xml; path = Info.plist; sourceTree = "<group>"; };
		9EFFF0101AC218D800B61495 /* BreakfastTests.swift */ = {isa = PBXFileReference; lastKnownFileType = sourcecode.swift; path = BreakfastTests.swift; sourceTree = "<group>"; };
		9EFFF01B1AC2190C00B61495 /* Stack.swift */ = {isa = PBXFileReference; fileEncoding = 4; lastKnownFileType = sourcecode.swift; path = Stack.swift; sourceTree = "<group>"; };
		9EFFF0231AC21D2C00B61495 /* UIColor+Extensions.swift */ = {isa = PBXFileReference; fileEncoding = 4; lastKnownFileType = sourcecode.swift; path = "UIColor+Extensions.swift"; sourceTree = "<group>"; };
		9EFFF0261AC21D9800B61495 /* String+Subscript.swift */ = {isa = PBXFileReference; fileEncoding = 4; lastKnownFileType = sourcecode.swift; path = "String+Subscript.swift"; sourceTree = "<group>"; };
		9EFFF0271AC21D9800B61495 /* String+ToHex.swift */ = {isa = PBXFileReference; fileEncoding = 4; lastKnownFileType = sourcecode.swift; path = "String+ToHex.swift"; sourceTree = "<group>"; };
/* End PBXFileReference section */

/* Begin PBXFrameworksBuildPhase section */
		9EFFEFFA1AC218D800B61495 /* Frameworks */ = {
			isa = PBXFrameworksBuildPhase;
			buildActionMask = 2147483647;
			files = (
			);
			runOnlyForDeploymentPostprocessing = 0;
		};
		9EFFF0061AC218D800B61495 /* Frameworks */ = {
			isa = PBXFrameworksBuildPhase;
			buildActionMask = 2147483647;
			files = (
				9EFFF00A1AC218D800B61495 /* Breakfast.framework in Frameworks */,
			);
			runOnlyForDeploymentPostprocessing = 0;
		};
/* End PBXFrameworksBuildPhase section */

/* Begin PBXGroup section */
		9EFFEFF41AC218D800B61495 = {
			isa = PBXGroup;
			children = (
				9EFFF0001AC218D800B61495 /* Breakfast */,
				9EFFF00D1AC218D800B61495 /* BreakfastTests */,
				9EFFEFFF1AC218D800B61495 /* Products */,
			);
			sourceTree = "<group>";
		};
		9EFFEFFF1AC218D800B61495 /* Products */ = {
			isa = PBXGroup;
			children = (
				9EFFEFFE1AC218D800B61495 /* Breakfast.framework */,
				9EFFF0091AC218D800B61495 /* BreakfastTests.xctest */,
			);
			name = Products;
			sourceTree = "<group>";
		};
		9EFFF0001AC218D800B61495 /* Breakfast */ = {
			isa = PBXGroup;
			children = (
				9EFFF01A1AC218E500B61495 /* Data Structures */,
				9EFFF0251AC21D8900B61495 /* String Extensions */,
				9EFFF0221AC21D1A00B61495 /* UIColor Extensions */,
				9EFFF0031AC218D800B61495 /* Breakfast.h */,
				9EFFF0011AC218D800B61495 /* Supporting Files */,
			);
			path = Breakfast;
			sourceTree = "<group>";
		};
		9EFFF0011AC218D800B61495 /* Supporting Files */ = {
			isa = PBXGroup;
			children = (
				9EFFF0021AC218D800B61495 /* Info.plist */,
			);
			name = "Supporting Files";
			sourceTree = "<group>";
		};
		9EFFF00D1AC218D800B61495 /* BreakfastTests */ = {
			isa = PBXGroup;
			children = (
				9EFFF0101AC218D800B61495 /* BreakfastTests.swift */,
				9EFFF00E1AC218D800B61495 /* Supporting Files */,
			);
			path = BreakfastTests;
			sourceTree = "<group>";
		};
		9EFFF00E1AC218D800B61495 /* Supporting Files */ = {
			isa = PBXGroup;
			children = (
				9EFFF00F1AC218D800B61495 /* Info.plist */,
			);
			name = "Supporting Files";
			sourceTree = "<group>";
		};
		9EFFF01A1AC218E500B61495 /* Data Structures */ = {
			isa = PBXGroup;
			children = (
				9EFFF01B1AC2190C00B61495 /* Stack.swift */,
			);
			name = "Data Structures";
			sourceTree = "<group>";
		};
		9EFFF0221AC21D1A00B61495 /* UIColor Extensions */ = {
			isa = PBXGroup;
			children = (
				9EFFF0231AC21D2C00B61495 /* UIColor+Extensions.swift */,
			);
			name = "UIColor Extensions";
			sourceTree = "<group>";
		};
		9EFFF0251AC21D8900B61495 /* String Extensions */ = {
			isa = PBXGroup;
			children = (
				9EFFF0261AC21D9800B61495 /* String+Subscript.swift */,
				9EFFF0271AC21D9800B61495 /* String+ToHex.swift */,
			);
			name = "String Extensions";
			sourceTree = "<group>";
		};
/* End PBXGroup section */

/* Begin PBXHeadersBuildPhase section */
		9EFFEFFB1AC218D800B61495 /* Headers */ = {
			isa = PBXHeadersBuildPhase;
			buildActionMask = 2147483647;
			files = (
				9EFFF0041AC218D800B61495 /* Breakfast.h in Headers */,
			);
			runOnlyForDeploymentPostprocessing = 0;
		};
/* End PBXHeadersBuildPhase section */

/* Begin PBXNativeTarget section */
		9EFFEFFD1AC218D800B61495 /* Breakfast */ = {
			isa = PBXNativeTarget;
			buildConfigurationList = 9EFFF0141AC218D800B61495 /* Build configuration list for PBXNativeTarget "Breakfast" */;
			buildPhases = (
				9EFFEFF91AC218D800B61495 /* Sources */,
				9EFFEFFA1AC218D800B61495 /* Frameworks */,
				9EFFEFFB1AC218D800B61495 /* Headers */,
				9EFFEFFC1AC218D800B61495 /* Resources */,
			);
			buildRules = (
			);
			dependencies = (
			);
			name = Breakfast;
			productName = Breakfast;
			productReference = 9EFFEFFE1AC218D800B61495 /* Breakfast.framework */;
			productType = "com.apple.product-type.framework";
		};
		9EFFF0081AC218D800B61495 /* BreakfastTests */ = {
			isa = PBXNativeTarget;
			buildConfigurationList = 9EFFF0171AC218D800B61495 /* Build configuration list for PBXNativeTarget "BreakfastTests" */;
			buildPhases = (
				9EFFF0051AC218D800B61495 /* Sources */,
				9EFFF0061AC218D800B61495 /* Frameworks */,
				9EFFF0071AC218D800B61495 /* Resources */,
			);
			buildRules = (
			);
			dependencies = (
				9EFFF00C1AC218D800B61495 /* PBXTargetDependency */,
			);
			name = BreakfastTests;
			productName = BreakfastTests;
			productReference = 9EFFF0091AC218D800B61495 /* BreakfastTests.xctest */;
			productType = "com.apple.product-type.bundle.unit-test";
		};
/* End PBXNativeTarget section */

/* Begin PBXProject section */
		9EFFEFF51AC218D800B61495 /* Project object */ = {
			isa = PBXProject;
			attributes = {
				LastUpgradeCheck = 0620;
				ORGANIZATIONNAME = "Strauss LLC";
				TargetAttributes = {
					9EFFEFFD1AC218D800B61495 = {
						CreatedOnToolsVersion = 6.2;
					};
					9EFFF0081AC218D800B61495 = {
						CreatedOnToolsVersion = 6.2;
					};
				};
			};
			buildConfigurationList = 9EFFEFF81AC218D800B61495 /* Build configuration list for PBXProject "Breakfast" */;
			compatibilityVersion = "Xcode 3.2";
			developmentRegion = English;
			hasScannedForEncodings = 0;
			knownRegions = (
				en,
			);
			mainGroup = 9EFFEFF41AC218D800B61495;
			productRefGroup = 9EFFEFFF1AC218D800B61495 /* Products */;
			projectDirPath = "";
			projectRoot = "";
			targets = (
				9EFFEFFD1AC218D800B61495 /* Breakfast */,
				9EFFF0081AC218D800B61495 /* BreakfastTests */,
			);
		};
/* End PBXProject section */

/* Begin PBXResourcesBuildPhase section */
		9EFFEFFC1AC218D800B61495 /* Resources */ = {
			isa = PBXResourcesBuildPhase;
			buildActionMask = 2147483647;
			files = (
			);
			runOnlyForDeploymentPostprocessing = 0;
		};
		9EFFF0071AC218D800B61495 /* Resources */ = {
			isa = PBXResourcesBuildPhase;
			buildActionMask = 2147483647;
			files = (
			);
			runOnlyForDeploymentPostprocessing = 0;
		};
/* End PBXResourcesBuildPhase section */

/* Begin PBXSourcesBuildPhase section */
		9EFFEFF91AC218D800B61495 /* Sources */ = {
			isa = PBXSourcesBuildPhase;
			buildActionMask = 2147483647;
			files = (
				9EFFF0281AC21D9800B61495 /* String+Subscript.swift in Sources */,
				9EFFF01C1AC2190C00B61495 /* Stack.swift in Sources */,
				9EFFF0241AC21D2C00B61495 /* UIColor+Extensions.swift in Sources */,
				9EFFF0291AC21D9800B61495 /* String+ToHex.swift in Sources */,
			);
			runOnlyForDeploymentPostprocessing = 0;
		};
		9EFFF0051AC218D800B61495 /* Sources */ = {
			isa = PBXSourcesBuildPhase;
			buildActionMask = 2147483647;
			files = (
				9EFFF0111AC218D800B61495 /* BreakfastTests.swift in Sources */,
			);
			runOnlyForDeploymentPostprocessing = 0;
		};
/* End PBXSourcesBuildPhase section */

/* Begin PBXTargetDependency section */
		9EFFF00C1AC218D800B61495 /* PBXTargetDependency */ = {
			isa = PBXTargetDependency;
			target = 9EFFEFFD1AC218D800B61495 /* Breakfast */;
			targetProxy = 9EFFF00B1AC218D800B61495 /* PBXContainerItemProxy */;
		};
/* End PBXTargetDependency section */

/* Begin XCBuildConfiguration section */
		9EFFF0121AC218D800B61495 /* Debug */ = {
			isa = XCBuildConfiguration;
			buildSettings = {
				ALWAYS_SEARCH_USER_PATHS = NO;
				CLANG_CXX_LANGUAGE_STANDARD = "gnu++0x";
				CLANG_CXX_LIBRARY = "libc++";
				CLANG_ENABLE_MODULES = YES;
				CLANG_ENABLE_OBJC_ARC = YES;
				CLANG_WARN_BOOL_CONVERSION = YES;
				CLANG_WARN_CONSTANT_CONVERSION = YES;
				CLANG_WARN_DIRECT_OBJC_ISA_USAGE = YES_ERROR;
				CLANG_WARN_EMPTY_BODY = YES;
				CLANG_WARN_ENUM_CONVERSION = YES;
				CLANG_WARN_INT_CONVERSION = YES;
				CLANG_WARN_OBJC_ROOT_CLASS = YES_ERROR;
				CLANG_WARN_UNREACHABLE_CODE = YES;
				CLANG_WARN__DUPLICATE_METHOD_MATCH = YES;
				"CODE_SIGN_IDENTITY[sdk=iphoneos*]" = "iPhone Developer";
				COPY_PHASE_STRIP = NO;
				CURRENT_PROJECT_VERSION = 1;
				ENABLE_STRICT_OBJC_MSGSEND = YES;
				GCC_C_LANGUAGE_STANDARD = gnu99;
				GCC_DYNAMIC_NO_PIC = NO;
				GCC_OPTIMIZATION_LEVEL = 0;
				GCC_PREPROCESSOR_DEFINITIONS = (
					"DEBUG=1",
					"$(inherited)",
				);
				GCC_SYMBOLS_PRIVATE_EXTERN = NO;
				GCC_WARN_64_TO_32_BIT_CONVERSION = YES;
				GCC_WARN_ABOUT_RETURN_TYPE = YES_ERROR;
				GCC_WARN_UNDECLARED_SELECTOR = YES;
				GCC_WARN_UNINITIALIZED_AUTOS = YES_AGGRESSIVE;
				GCC_WARN_UNUSED_FUNCTION = YES;
				GCC_WARN_UNUSED_VARIABLE = YES;
				IPHONEOS_DEPLOYMENT_TARGET = 8.2;
				MTL_ENABLE_DEBUG_INFO = YES;
				ONLY_ACTIVE_ARCH = YES;
				SDKROOT = iphoneos;
				SWIFT_OPTIMIZATION_LEVEL = "-Onone";
				TARGETED_DEVICE_FAMILY = "1,2";
				VERSIONING_SYSTEM = "apple-generic";
				VERSION_INFO_PREFIX = "";
			};
			name = Debug;
		};
		9EFFF0131AC218D800B61495 /* Release */ = {
			isa = XCBuildConfiguration;
			buildSettings = {
				ALWAYS_SEARCH_USER_PATHS = NO;
				CLANG_CXX_LANGUAGE_STANDARD = "gnu++0x";
				CLANG_CXX_LIBRARY = "libc++";
				CLANG_ENABLE_MODULES = YES;
				CLANG_ENABLE_OBJC_ARC = YES;
				CLANG_WARN_BOOL_CONVERSION = YES;
				CLANG_WARN_CONSTANT_CONVERSION = YES;
				CLANG_WARN_DIRECT_OBJC_ISA_USAGE = YES_ERROR;
				CLANG_WARN_EMPTY_BODY = YES;
				CLANG_WARN_ENUM_CONVERSION = YES;
				CLANG_WARN_INT_CONVERSION = YES;
				CLANG_WARN_OBJC_ROOT_CLASS = YES_ERROR;
				CLANG_WARN_UNREACHABLE_CODE = YES;
				CLANG_WARN__DUPLICATE_METHOD_MATCH = YES;
				"CODE_SIGN_IDENTITY[sdk=iphoneos*]" = "iPhone Developer";
				COPY_PHASE_STRIP = NO;
				CURRENT_PROJECT_VERSION = 1;
				ENABLE_NS_ASSERTIONS = NO;
				ENABLE_STRICT_OBJC_MSGSEND = YES;
				GCC_C_LANGUAGE_STANDARD = gnu99;
				GCC_WARN_64_TO_32_BIT_CONVERSION = YES;
				GCC_WARN_ABOUT_RETURN_TYPE = YES_ERROR;
				GCC_WARN_UNDECLARED_SELECTOR = YES;
				GCC_WARN_UNINITIALIZED_AUTOS = YES_AGGRESSIVE;
				GCC_WARN_UNUSED_FUNCTION = YES;
				GCC_WARN_UNUSED_VARIABLE = YES;
				IPHONEOS_DEPLOYMENT_TARGET = 8.2;
				MTL_ENABLE_DEBUG_INFO = NO;
				SDKROOT = iphoneos;
				TARGETED_DEVICE_FAMILY = "1,2";
				VALIDATE_PRODUCT = YES;
				VERSIONING_SYSTEM = "apple-generic";
				VERSION_INFO_PREFIX = "";
			};
			name = Release;
		};
		9EFFF0151AC218D800B61495 /* Debug */ = {
			isa = XCBuildConfiguration;
			buildSettings = {
				CLANG_ENABLE_MODULES = YES;
				DEFINES_MODULE = YES;
				DYLIB_COMPATIBILITY_VERSION = 1;
				DYLIB_CURRENT_VERSION = 1;
				DYLIB_INSTALL_NAME_BASE = "@rpath";
				INFOPLIST_FILE = Breakfast/Info.plist;
				INSTALL_PATH = "$(LOCAL_LIBRARY_DIR)/Frameworks";
				LD_RUNPATH_SEARCH_PATHS = "$(inherited) @executable_path/Frameworks @loader_path/Frameworks";
				PRODUCT_NAME = "$(TARGET_NAME)";
				SKIP_INSTALL = YES;
				SWIFT_OPTIMIZATION_LEVEL = "-Onone";
			};
			name = Debug;
		};
		9EFFF0161AC218D800B61495 /* Release */ = {
			isa = XCBuildConfiguration;
			buildSettings = {
				CLANG_ENABLE_MODULES = YES;
				DEFINES_MODULE = YES;
				DYLIB_COMPATIBILITY_VERSION = 1;
				DYLIB_CURRENT_VERSION = 1;
				DYLIB_INSTALL_NAME_BASE = "@rpath";
				INFOPLIST_FILE = Breakfast/Info.plist;
				INSTALL_PATH = "$(LOCAL_LIBRARY_DIR)/Frameworks";
				LD_RUNPATH_SEARCH_PATHS = "$(inherited) @executable_path/Frameworks @loader_path/Frameworks";
				PRODUCT_NAME = "$(TARGET_NAME)";
				SKIP_INSTALL = YES;
			};
			name = Release;
		};
		9EFFF0181AC218D800B61495 /* Debug */ = {
			isa = XCBuildConfiguration;
			buildSettings = {
				FRAMEWORK_SEARCH_PATHS = (
					"$(SDKROOT)/Developer/Library/Frameworks",
					"$(inherited)",
				);
				GCC_PREPROCESSOR_DEFINITIONS = (
					"DEBUG=1",
					"$(inherited)",
				);
				INFOPLIST_FILE = BreakfastTests/Info.plist;
				LD_RUNPATH_SEARCH_PATHS = "$(inherited) @executable_path/Frameworks @loader_path/Frameworks";
				PRODUCT_NAME = "$(TARGET_NAME)";
			};
			name = Debug;
		};
		9EFFF0191AC218D800B61495 /* Release */ = {
			isa = XCBuildConfiguration;
			buildSettings = {
				FRAMEWORK_SEARCH_PATHS = (
					"$(SDKROOT)/Developer/Library/Frameworks",
					"$(inherited)",
				);
				INFOPLIST_FILE = BreakfastTests/Info.plist;
				LD_RUNPATH_SEARCH_PATHS = "$(inherited) @executable_path/Frameworks @loader_path/Frameworks";
				PRODUCT_NAME = "$(TARGET_NAME)";
			};
			name = Release;
		};
/* End XCBuildConfiguration section */

/* Begin XCConfigurationList section */
		9EFFEFF81AC218D800B61495 /* Build configuration list for PBXProject "Breakfast" */ = {
			isa = XCConfigurationList;
			buildConfigurations = (
				9EFFF0121AC218D800B61495 /* Debug */,
				9EFFF0131AC218D800B61495 /* Release */,
			);
			defaultConfigurationIsVisible = 0;
			defaultConfigurationName = Release;
		};
		9EFFF0141AC218D800B61495 /* Build configuration list for PBXNativeTarget "Breakfast" */ = {
			isa = XCConfigurationList;
			buildConfigurations = (
				9EFFF0151AC218D800B61495 /* Debug */,
				9EFFF0161AC218D800B61495 /* Release */,
			);
			defaultConfigurationIsVisible = 0;
			defaultConfigurationName = Release;
		};
		9EFFF0171AC218D800B61495 /* Build configuration list for PBXNativeTarget "BreakfastTests" */ = {
			isa = XCConfigurationList;
			buildConfigurations = (
				9EFFF0181AC218D800B61495 /* Debug */,
				9EFFF0191AC218D800B61495 /* Release */,
			);
			defaultConfigurationIsVisible = 0;
			defaultConfigurationName = Release;
		};
/* End XCConfigurationList section */
	};
	rootObject = 9EFFEFF51AC218D800B61495 /* Project object */;
}
